{
  "name": "countinghouse-qm-deployment",
  "version": "0.0.0",
  "lockfileVersion": 3,
  "requires": true,
  "packages": {
    "": {
      "name": "countinghouse-qm-deployment",
      "version": "0.0.0",
      "dependencies": {
        "@yc-software/qm": "0.1.13"
      },
      "engines": {
        "node": ">=24.0.0"
      }
    },
    "node_modules/@yc-software/qm": {
      "version": "0.1.13",
      "resolved": "https://registry.npmjs.org/@yc-software/qm/-/qm-0.1.13.tgz",
      "integrity": "sha512-pMnMnriY3IV1M+UFaXSWNqF6xyYVu7On+M4UiDYWJW+wFlFCoCbnUbijEOTHVtrRYbk8X0OIdgO/QRok4aUjCw==",
      "license": "MIT",
      "bin": {
        "qm": "dist/bin/qm.js"
      },
      "engines": {
        "node": ">=24.0.0"
      }
    }
  }
}
